
Microsoft Visual Studio Solution File, Format Version 12.00
# Visual Studio Version 16
VisualStudioVersion = 16.0.810.14
MinimumVisualStudioVersion = 10.0.40219.1
Project("{FAE04EC0-301F-11D3-BF4B-00C04F79EFBC}") = "CustomersApp", "CustomersApp\CustomersApp.csproj", "{D493BE02-6556-44A6-A7A7-DA2809590115}"
EndProject
Project("{2150E333-8FDC-42A3-9474-1A3956D46DE8}") = "Solution Items", "Solution Items", "{264A7867-8669-4AA5-BA85-4EE6BC0B1DC7}"
	ProjectSection(SolutionItems) = preProject
		docker-compose.yml = docker-compose.yml
	EndProjectSection
EndProject
Global
	GlobalSection(SolutionConfigurationPlatforms) = preSolution
		Debug|Any CPU = Debug|Any CPU
		Release|Any CPU = Release|Any CPU
	EndGlobalSection
	GlobalSection(ProjectConfigurationPlatforms) = postSolution
		{D493BE02-6556-44A6-A7A7-DA2809590115}.Debug|Any CPU.ActiveCfg = Debug|Any CPU
		{D493BE02-6556-44A6-A7A7-DA2809590115}.Debug|Any CPU.Build.0 = Debug|Any CPU
		{D493BE02-6556-44A6-A7A7-DA2809590115}.Release|Any CPU.ActiveCfg = Release|Any CPU
		{D493BE02-6556-44A6-A7A7-DA2809590115}.Release|Any CPU.Build.0 = Release|Any CPU
	EndGlobalSection
	GlobalSection(SolutionProperties) = preSolution
		HideSolutionNode = FALSE
	EndGlobalSection
	GlobalSection(ExtensibilityGlobals) = postSolution
		SolutionGuid = {26DCE5DD-C55A-435E-A531-CDF3FCCB6ACC}
	EndGlobalSection
EndGlobal
